
Microsoft Visual Studio Solution File, Format Version 12.00
# Visual Studio 15
VisualStudioVersion = 15.0.27703.2042
MinimumVisualStudioVersion = 10.0.40219.1
Project("{FAE04EC0-301F-11D3-BF4B-00C04F79EFBC}") = "App6.Android", "App6\App6.Android\App6.Android.csproj", "{DE0CC132-5384-45D2-8FE6-833052153C05}"
EndProject
Project("{FAE04EC0-301F-11D3-BF4B-00C04F79EFBC}") = "App6.iOS", "App6\App6.iOS\App6.iOS.csproj", "{BB32B32A-D3DB-491F-93D9-C214A112750C}"
EndProject
Project("{FAE04EC0-301F-11D3-BF4B-00C04F79EFBC}") = "App6", "App6\App6\App6.csproj", "{35AC48EC-ABCA-4664-B2A4-CB2F9CF11E25}"
EndProject
Global
	GlobalSection(SolutionConfigurationPlatforms) = preSolution
		Ad-Hoc|Any CPU = Ad-Hoc|Any CPU
		Ad-Hoc|iPhone = Ad-Hoc|iPhone
		Ad-Hoc|iPhoneSimulator = Ad-Hoc|iPhoneSimulator
		AppStore|Any CPU = AppStore|Any CPU
		AppStore|iPhone = AppStore|iPhone
		AppStore|iPhoneSimulator = AppStore|iPhoneSimulator
		Debug|Any CPU = Debug|Any CPU
		Debug|iPhone = Debug|iPhone
		Debug|iPhoneSimulator = Debug|iPhoneSimulator
		Release|Any CPU = Release|Any CPU
		Release|iPhone = Release|iPhone
		Release|iPhoneSimulator = Release|iPhoneSimulator
	EndGlobalSection
	GlobalSection(ProjectConfigurationPlatforms) = postSolution
		{DE0CC132-5384-45D2-8FE6-833052153C05}.Ad-Hoc|Any CPU.ActiveCfg = Release|Any CPU
		{DE0CC132-5384-45D2-8FE6-833052153C05}.Ad-Hoc|Any CPU.Build.0 = Release|Any CPU
		{DE0CC132-5384-45D2-8FE6-833052153C05}.Ad-Hoc|Any CPU.Deploy.0 = Release|Any CPU
		{DE0CC132-5384-45D2-8FE6-833052153C05}.Ad-Hoc|iPhone.ActiveCfg = Release|Any CPU
		{DE0CC132-5384-45D2-8FE6-833052153C05}.Ad-Hoc|iPhone.Build.0 = Release|Any CPU
		{DE0CC132-5384-45D2-8FE6-833052153C05}.Ad-Hoc|iPhone.Deploy.0 = Release|Any CPU
		{DE0CC132-5384-45D2-8FE6-833052153C05}.Ad-Hoc|iPhoneSimulator.ActiveCfg = Release|Any CPU
		{DE0CC132-5384-45D2-8FE6-833052153C05}.Ad-Hoc|iPhoneSimulator.Build.0 = Release|Any CPU
		{DE0CC132-5384-45D2-8FE6-833052153C05}.Ad-Hoc|iPhoneSimulator.Deploy.0 = Release|Any CPU
		{DE0CC132-5384-45D2-8FE6-833052153C05}.AppStore|Any CPU.ActiveCfg = Release|Any CPU
		{DE0CC132-5384-45D2-8FE6-833052153C05}.AppStore|Any CPU.Build.0 = Release|Any CPU
		{DE0CC132-5384-45D2-8FE6-833052153C05}.AppStore|Any CPU.Deploy.0 = Release|Any CPU
		{DE0CC132-5384-45D2-8FE6-833052153C05}.AppStore|iPhone.ActiveCfg = Release|Any CPU
		{DE0CC132-5384-45D2-8FE6-833052153C05}.AppStore|iPhone.Build.0 = Release|Any CPU
		{DE0CC132-5384-45D2-8FE6-833052153C05}.AppStore|iPhone.Deploy.0 = Release|Any CPU
		{DE0CC132-5384-45D2-8FE6-833052153C05}.AppStore|iPhoneSimulator.ActiveCfg = Release|Any CPU
		{DE0CC132-5384-45D2-8FE6-833052153C05}.AppStore|iPhoneSimulator.Build.0 = Release|Any CPU
		{DE0CC132-5384-45D2-8FE6-833052153C05}.AppStore|iPhoneSimulator.Deploy.0 = Release|Any CPU
		{DE0CC132-5384-45D2-8FE6-833052153C05}.Debug|Any CPU.ActiveCfg = Debug|Any CPU
		{DE0CC132-5384-45D2-8FE6-833052153C05}.Debug|Any CPU.Build.0 = Debug|Any CPU
		{DE0CC132-5384-45D2-8FE6-833052153C05}.Debug|Any CPU.Deploy.0 = Debug|Any CPU
		{DE0CC132-5384-45D2-8FE6-833052153C05}.Debug|iPhone.ActiveCfg = Debug|Any CPU
		{DE0CC132-5384-45D2-8FE6-833052153C05}.Debug|iPhone.Build.0 = Debug|Any CPU
		{DE0CC132-5384-45D2-8FE6-833052153C05}.Debug|iPhone.Deploy.0 = Debug|Any CPU
		{DE0CC132-5384-45D2-8FE6-833052153C05}.Debug|iPhoneSimulator.ActiveCfg = Debug|Any CPU
		{DE0CC132-5384-45D2-8FE6-833052153C05}.Debug|iPhoneSimulator.Build.0 = Debug|Any CPU
		{DE0CC132-5384-45D2-8FE6-833052153C05}.Debug|iPhoneSimulator.Deploy.0 = Debug|Any CPU
		{DE0CC132-5384-45D2-8FE6-833052153C05}.Release|Any CPU.ActiveCfg = Release|Any CPU
		{DE0CC132-5384-45D2-8FE6-833052153C05}.Release|Any CPU.Build.0 = Release|Any CPU
		{DE0CC132-5384-45D2-8FE6-833052153C05}.Release|Any CPU.Deploy.0 = Release|Any CPU
		{DE0CC132-5384-45D2-8FE6-833052153C05}.Release|iPhone.ActiveCfg = Release|Any CPU
		{DE0CC132-5384-45D2-8FE6-833052153C05}.Release|iPhone.Build.0 = Release|Any CPU
		{DE0CC132-5384-45D2-8FE6-833052153C05}.Release|iPhone.Deploy.0 = Release|Any CPU
		{DE0CC132-5384-45D2-8FE6-833052153C05}.Release|iPhoneSimulator.ActiveCfg = Release|Any CPU
		{DE0CC132-5384-45D2-8FE6-833052153C05}.Release|iPhoneSimulator.Build.0 = Release|Any CPU
		{DE0CC132-5384-45D2-8FE6-833052153C05}.Release|iPhoneSimulator.Deploy.0 = Release|Any CPU
		{BB32B32A-D3DB-491F-93D9-C214A112750C}.Ad-Hoc|Any CPU.ActiveCfg = Ad-Hoc|iPhone
		{BB32B32A-D3DB-491F-93D9-C214A112750C}.Ad-Hoc|Any CPU.Build.0 = Ad-Hoc|iPhone
		{BB32B32A-D3DB-491F-93D9-C214A112750C}.Ad-Hoc|Any CPU.Deploy.0 = Ad-Hoc|iPhone
		{BB32B32A-D3DB-491F-93D9-C214A112750C}.Ad-Hoc|iPhone.ActiveCfg = Ad-Hoc|iPhone
		{BB32B32A-D3DB-491F-93D9-C214A112750C}.Ad-Hoc|iPhone.Build.0 = Ad-Hoc|iPhone
		{BB32B32A-D3DB-491F-93D9-C214A112750C}.Ad-Hoc|iPhone.Deploy.0 = Ad-Hoc|iPhone
		{BB32B32A-D3DB-491F-93D9-C214A112750C}.Ad-Hoc|iPhoneSimulator.ActiveCfg = Ad-Hoc|iPhoneSimulator
		{BB32B32A-D3DB-491F-93D9-C214A112750C}.Ad-Hoc|iPhoneSimulator.Build.0 = Ad-Hoc|iPhoneSimulator
		{BB32B32A-D3DB-491F-93D9-C214A112750C}.Ad-Hoc|iPhoneSimulator.Deploy.0 = Ad-Hoc|iPhoneSimulator
		{BB32B32A-D3DB-491F-93D9-C214A112750C}.AppStore|Any CPU.ActiveCfg = AppStore|iPhone
		{BB32B32A-D3DB-491F-93D9-C214A112750C}.AppStore|Any CPU.Build.0 = AppStore|iPhone
		{BB32B32A-D3DB-491F-93D9-C214A112750C}.AppStore|Any CPU.Deploy.0 = AppStore|iPhone
		{BB32B32A-D3DB-491F-93D9-C214A112750C}.AppStore|iPhone.ActiveCfg = AppStore|iPhone
		{BB32B32A-D3DB-491F-93D9-C214A112750C}.AppStore|iPhone.Build.0 = AppStore|iPhone
		{BB32B32A-D3DB-491F-93D9-C214A112750C}.AppStore|iPhone.Deploy.0 = AppStore|iPhone
		{BB32B32A-D3DB-491F-93D9-C214A112750C}.AppStore|iPhoneSimulator.ActiveCfg = AppStore|iPhoneSimulator
		{BB32B32A-D3DB-491F-93D9-C214A112750C}.AppStore|iPhoneSimulator.Build.0 = AppStore|iPhoneSimulator
		{BB32B32A-D3DB-491F-93D9-C214A112750C}.AppStore|iPhoneSimulator.Deploy.0 = AppStore|iPhoneSimulator
		{BB32B32A-D3DB-491F-93D9-C214A112750C}.Debug|Any CPU.ActiveCfg = Debug|iPhoneSimulator
		{BB32B32A-D3DB-491F-93D9-C214A112750C}.Debug|Any CPU.Build.0 = Debug|iPhoneSimulator
		{BB32B32A-D3DB-491F-93D9-C214A112750C}.Debug|Any CPU.Deploy.0 = Debug|iPhoneSimulator
		{BB32B32A-D3DB-491F-93D9-C214A112750C}.Debug|iPhone.ActiveCfg = Debug|iPhone
		{BB32B32A-D3DB-491F-93D9-C214A112750C}.Debug|iPhone.Build.0 = Debug|iPhone
		{BB32B32A-D3DB-491F-93D9-C214A112750C}.Debug|iPhone.Deploy.0 = Debug|iPhone
		{BB32B32A-D3DB-491F-93D9-C214A112750C}.Debug|iPhoneSimulator.ActiveCfg = Debug|iPhoneSimulator
		{BB32B32A-D3DB-491F-93D9-C214A112750C}.Debug|iPhoneSimulator.Build.0 = Debug|iPhoneSimulator
		{BB32B32A-D3DB-491F-93D9-C214A112750C}.Debug|iPhoneSimulator.Deploy.0 = Debug|iPhoneSimulator
		{BB32B32A-D3DB-491F-93D9-C214A112750C}.Release|Any CPU.ActiveCfg = Release|iPhone
		{BB32B32A-D3DB-491F-93D9-C214A112750C}.Release|Any CPU.Build.0 = Release|iPhone
		{BB32B32A-D3DB-491F-93D9-C214A112750C}.Release|Any CPU.Deploy.0 = Release|iPhone
		{BB32B32A-D3DB-491F-93D9-C214A112750C}.Release|iPhone.ActiveCfg = Release|iPhone
		{BB32B32A-D3DB-491F-93D9-C214A112750C}.Release|iPhone.Build.0 = Release|iPhone
		{BB32B32A-D3DB-491F-93D9-C214A112750C}.Release|iPhone.Deploy.0 = Release|iPhone
		{BB32B32A-D3DB-491F-93D9-C214A112750C}.Release|iPhoneSimulator.ActiveCfg = Release|iPhoneSimulator
		{BB32B32A-D3DB-491F-93D9-C214A112750C}.Release|iPhoneSimulator.Build.0 = Release|iPhoneSimulator
		{BB32B32A-D3DB-491F-93D9-C214A112750C}.Release|iPhoneSimulator.Deploy.0 = Release|iPhoneSimulator
		{35AC48EC-ABCA-4664-B2A4-CB2F9CF11E25}.Ad-Hoc|Any CPU.ActiveCfg = Debug|Any CPU
		{35AC48EC-ABCA-4664-B2A4-CB2F9CF11E25}.Ad-Hoc|Any CPU.Build.0 = Debug|Any CPU
		{35AC48EC-ABCA-4664-B2A4-CB2F9CF11E25}.Ad-Hoc|Any CPU.Deploy.0 = Debug|Any CPU
		{35AC48EC-ABCA-4664-B2A4-CB2F9CF11E25}.Ad-Hoc|iPhone.ActiveCfg = Debug|Any CPU
		{35AC48EC-ABCA-4664-B2A4-CB2F9CF11E25}.Ad-Hoc|iPhone.Build.0 = Debug|Any CPU
		{35AC48EC-ABCA-4664-B2A4-CB2F9CF11E25}.Ad-Hoc|iPhone.Deploy.0 = Debug|Any CPU
		{35AC48EC-ABCA-4664-B2A4-CB2F9CF11E25}.Ad-Hoc|iPhoneSimulator.ActiveCfg = Debug|Any CPU
		{35AC48EC-ABCA-4664-B2A4-CB2F9CF11E25}.Ad-Hoc|iPhoneSimulator.Build.0 = Debug|Any CPU
		{35AC48EC-ABCA-4664-B2A4-CB2F9CF11E25}.Ad-Hoc|iPhoneSimulator.Deploy.0 = Debug|Any CPU
		{35AC48EC-ABCA-4664-B2A4-CB2F9CF11E25}.AppStore|Any CPU.ActiveCfg = Debug|Any CPU
		{35AC48EC-ABCA-4664-B2A4-CB2F9CF11E25}.AppStore|Any CPU.Build.0 = Debug|Any CPU
		{35AC48EC-ABCA-4664-B2A4-CB2F9CF11E25}.AppStore|Any CPU.Deploy.0 = Debug|Any CPU
		{35AC48EC-ABCA-4664-B2A4-CB2F9CF11E25}.AppStore|iPhone.ActiveCfg = Debug|Any CPU
		{35AC48EC-ABCA-4664-B2A4-CB2F9CF11E25}.AppStore|iPhone.Build.0 = Debug|Any CPU
		{35AC48EC-ABCA-4664-B2A4-CB2F9CF11E25}.AppStore|iPhone.Deploy.0 = Debug|Any CPU
		{35AC48EC-ABCA-4664-B2A4-CB2F9CF11E25}.AppStore|iPhoneSimulator.ActiveCfg = Debug|Any CPU
		{35AC48EC-ABCA-4664-B2A4-CB2F9CF11E25}.AppStore|iPhoneSimulator.Build.0 = Debug|Any CPU
		{35AC48EC-ABCA-4664-B2A4-CB2F9CF11E25}.AppStore|iPhoneSimulator.Deploy.0 = Debug|Any CPU
		{35AC48EC-ABCA-4664-B2A4-CB2F9CF11E25}.Debug|Any CPU.ActiveCfg = Debug|Any CPU
		{35AC48EC-ABCA-4664-B2A4-CB2F9CF11E25}.Debug|Any CPU.Build.0 = Debug|Any CPU
		{35AC48EC-ABCA-4664-B2A4-CB2F9CF11E25}.Debug|Any CPU.Deploy.0 = Debug|Any CPU
		{35AC48EC-ABCA-4664-B2A4-CB2F9CF11E25}.Debug|iPhone.ActiveCfg = Debug|Any CPU
		{35AC48EC-ABCA-4664-B2A4-CB2F9CF11E25}.Debug|iPhone.Build.0 = Debug|Any CPU
		{35AC48EC-ABCA-4664-B2A4-CB2F9CF11E25}.Debug|iPhone.Deploy.0 = Debug|Any CPU
		{35AC48EC-ABCA-4664-B2A4-CB2F9CF11E25}.Debug|iPhoneSimulator.ActiveCfg = Debug|Any CPU
		{35AC48EC-ABCA-4664-B2A4-CB2F9CF11E25}.Debug|iPhoneSimulator.Build.0 = Debug|Any CPU
		{35AC48EC-ABCA-4664-B2A4-CB2F9CF11E25}.Debug|iPhoneSimulator.Deploy.0 = Debug|Any CPU
		{35AC48EC-ABCA-4664-B2A4-CB2F9CF11E25}.Release|Any CPU.ActiveCfg = Release|Any CPU
		{35AC48EC-ABCA-4664-B2A4-CB2F9CF11E25}.Release|Any CPU.Build.0 = Release|Any CPU
		{35AC48EC-ABCA-4664-B2A4-CB2F9CF11E25}.Release|Any CPU.Deploy.0 = Release|Any CPU
		{35AC48EC-ABCA-4664-B2A4-CB2F9CF11E25}.Release|iPhone.ActiveCfg = Release|Any CPU
		{35AC48EC-ABCA-4664-B2A4-CB2F9CF11E25}.Release|iPhone.Build.0 = Release|Any CPU
		{35AC48EC-ABCA-4664-B2A4-CB2F9CF11E25}.Release|iPhone.Deploy.0 = Release|Any CPU
		{35AC48EC-ABCA-4664-B2A4-CB2F9CF11E25}.Release|iPhoneSimulator.ActiveCfg = Release|Any CPU
		{35AC48EC-ABCA-4664-B2A4-CB2F9CF11E25}.Release|iPhoneSimulator.Build.0 = Release|Any CPU
		{35AC48EC-ABCA-4664-B2A4-CB2F9CF11E25}.Release|iPhoneSimulator.Deploy.0 = Release|Any CPU
	EndGlobalSection
	GlobalSection(SolutionProperties) = preSolution
		HideSolutionNode = FALSE
	EndGlobalSection
	GlobalSection(ExtensibilityGlobals) = postSolution
		SolutionGuid = {D546092D-09B4-48FC-BE56-9D47B30EE68A}
	EndGlobalSection
EndGlobal
